
Microsoft Visual Studio Solution File, Format Version 11.00
# Visual Studio 2010
Project("{8BC9CEB8-8B4A-11D0-8D11-00A0C91BC942}") = "socketClient", "socketClient.vcxproj", "{756BDEDF-EF47-45E7-A073-0B38B9E815C1}"
	ProjectSection(ProjectDependencies) = postProject
		{E5AA2721-0594-4679-B615-6C9A6248E648} = {E5AA2721-0594-4679-B615-6C9A6248E648}
		{B04CF57B-B4E5-4E7F-9ACE-35ED6AFA1EAE} = {B04CF57B-B4E5-4E7F-9ACE-35ED6AFA1EAE}
	EndProjectSection
EndProject
Project("{8BC9CEB8-8B4A-11D0-8D11-00A0C91BC942}") = "tinyXMLLIB", "tinyXMLLIB\tinyXMLLIB.vcxproj", "{B04CF57B-B4E5-4E7F-9ACE-35ED6AFA1EAE}"
EndProject
Project("{8BC9CEB8-8B4A-11D0-8D11-00A0C91BC942}") = "SQLiteDB", "SQLiteDB\SQLiteDB.vcxproj", "{E5AA2721-0594-4679-B615-6C9A6248E648}"
EndProject
Global
	GlobalSection(SolutionConfigurationPlatforms) = preSolution
		Debug|Win32 = Debug|Win32
		Release|Win32 = Release|Win32
	EndGlobalSection
	GlobalSection(ProjectConfigurationPlatforms) = postSolution
		{756BDEDF-EF47-45E7-A073-0B38B9E815C1}.Debug|Win32.ActiveCfg = Debug|Win32
		{756BDEDF-EF47-45E7-A073-0B38B9E815C1}.Debug|Win32.Build.0 = Debug|Win32
		{756BDEDF-EF47-45E7-A073-0B38B9E815C1}.Release|Win32.ActiveCfg = Release|Win32
		{756BDEDF-EF47-45E7-A073-0B38B9E815C1}.Release|Win32.Build.0 = Release|Win32
		{B04CF57B-B4E5-4E7F-9ACE-35ED6AFA1EAE}.Debug|Win32.ActiveCfg = Debug|Win32
		{B04CF57B-B4E5-4E7F-9ACE-35ED6AFA1EAE}.Debug|Win32.Build.0 = Debug|Win32
		{B04CF57B-B4E5-4E7F-9ACE-35ED6AFA1EAE}.Release|Win32.ActiveCfg = Release|Win32
		{B04CF57B-B4E5-4E7F-9ACE-35ED6AFA1EAE}.Release|Win32.Build.0 = Release|Win32
		{E5AA2721-0594-4679-B615-6C9A6248E648}.Debug|Win32.ActiveCfg = Debug|Win32
		{E5AA2721-0594-4679-B615-6C9A6248E648}.Debug|Win32.Build.0 = Debug|Win32
		{E5AA2721-0594-4679-B615-6C9A6248E648}.Release|Win32.ActiveCfg = Release|Win32
		{E5AA2721-0594-4679-B615-6C9A6248E648}.Release|Win32.Build.0 = Release|Win32
	EndGlobalSection
	GlobalSection(SolutionProperties) = preSolution
		HideSolutionNode = FALSE
	EndGlobalSection
EndGlobal
